
Microsoft Visual Studio Solution File, Format Version 12.00
# Visual Studio 15
VisualStudioVersion = 15.0.26403.0
MinimumVisualStudioVersion = 10.0.40219.1
Project("{2150E333-8FDC-42A3-9474-1A3956D46DE8}") = "0.Mod", "0.Mod", "{80758445-121E-4A74-988F-A2244BEA7F4E}"
EndProject
Project("{2150E333-8FDC-42A3-9474-1A3956D46DE8}") = "1.Web", "1.Web", "{3DB74401-6103-48A6-987E-3AB72C2C66A3}"
EndProject
Project("{2150E333-8FDC-42A3-9474-1A3956D46DE8}") = "1.App", "1.App", "{5DA84D11-38F2-4D33-BA95-1109449FCADC}"
EndProject
Project("{2150E333-8FDC-42A3-9474-1A3956D46DE8}") = "1.Pad", "1.Pad", "{880EAC8C-6345-4A92-BE1A-A85D2C33146E}"
EndProject
Project("{2150E333-8FDC-42A3-9474-1A3956D46DE8}") = "4.OSS", "4.OSS", "{580465AE-7EEC-4C6C-B17E-E61792FF0736}"
EndProject
Project("{2150E333-8FDC-42A3-9474-1A3956D46DE8}") = "5.TTT", "5.TTT", "{7978B162-A118-4F3C-96A5-DB45CAF79759}"
EndProject
Project("{2150E333-8FDC-42A3-9474-1A3956D46DE8}") = "2.BLL", "2.BLL", "{0352B0E0-DAB5-4408-B008-56D7AF179037}"
EndProject
Project("{2150E333-8FDC-42A3-9474-1A3956D46DE8}") = "3.DAL", "3.DAL", "{26898A88-962A-4AF2-9D81-673B8D3B857E}"
EndProject
Project("{FAE04EC0-301F-11D3-BF4B-00C04F79EFBC}") = "CSharpWebSI", "CSharpWebSI\CSharpWebSI.csproj", "{CC243AF4-358E-420F-AC29-209E50082485}"
EndProject
Project("{FAE04EC0-301F-11D3-BF4B-00C04F79EFBC}") = "CSharpWebUT", "CSharpWebUT\CSharpWebUT.csproj", "{5A433A9B-FACB-42E7-980C-EC55C991940E}"
EndProject
Project("{FAE04EC0-301F-11D3-BF4B-00C04F79EFBC}") = "WebServiceWebSI", "WebServiceWebSI\WebServiceWebSI.csproj", "{534C3589-AFD3-4EF1-8D0D-866FF82B637F}"
EndProject
Project("{2150E333-8FDC-42A3-9474-1A3956D46DE8}") = "1.Gui", "1.Gui", "{C20522DD-67F6-41E7-B019-2E128AD69465}"
EndProject
Project("{FAE04EC0-301F-11D3-BF4B-00C04F79EFBC}") = "FirebirdWebSI", "FirebirdWebSI\FirebirdWebSI.csproj", "{0B8DF9C3-3C97-4B8B-AECC-4E9FAEC31E93}"
EndProject
Project("{FAE04EC0-301F-11D3-BF4B-00C04F79EFBC}") = "CnaAppSI", "CnaAppSI\CnaAppSI.csproj", "{E878A7AD-2F2C-4247-A96D-B34E634B578A}"
EndProject
Project("{FAE04EC0-301F-11D3-BF4B-00C04F79EFBC}") = "WebAppSI", "WebAppSI\WebAppSI.csproj", "{AF0AF681-9BF3-406B-95B1-6E8506F21812}"
EndProject
Project("{FAE04EC0-301F-11D3-BF4B-00C04F79EFBC}") = "OAuth2WebSI", "OAuth2WebSI\OAuth2WebSI.csproj", "{7B243187-464F-4E1D-8C62-9141E5000111}"
EndProject
Project("{FAE04EC0-301F-11D3-BF4B-00C04F79EFBC}") = "DotNetOpenAuth2WebSI", "DotNetOpenAuth2WebSI\DotNetOpenAuth2WebSI.csproj", "{7659F8CF-D735-40ED-9FB1-E5FE62F6D286}"
EndProject
Project("{FAE04EC0-301F-11D3-BF4B-00C04F79EFBC}") = "OWINOAuthWebSI", "OWINOAuthWebSI\OWINOAuthWebSI.csproj", "{A2D0CD56-CDBE-4873-A400-AD524906FC2D}"
EndProject
Project("{FAE04EC0-301F-11D3-BF4B-00C04F79EFBC}") = "BServices", "BServices\BServices.csproj", "{8E7FD444-2FD2-4230-89B8-4D76AD44236F}"
EndProject
Project("{FAE04EC0-301F-11D3-BF4B-00C04F79EFBC}") = "DModels", "DModels\DModels.csproj", "{5C97E2F8-1559-4084-8C92-A7DC07141E9C}"
EndProject
Project("{FAE04EC0-301F-11D3-BF4B-00C04F79EFBC}") = "DataAccess", "DataAccess\DataAccess.csproj", "{88BB3EE7-B20C-4BCC-9530-ACA7ECA3A9C0}"
EndProject
Project("{FAE04EC0-301F-11D3-BF4B-00C04F79EFBC}") = "CUtilities", "CUtilities\CUtilities.csproj", "{E1CAE6EF-B37F-4DFE-957E-059D2EA16E72}"
EndProject
Project("{FAE04EC0-301F-11D3-BF4B-00C04F79EFBC}") = "DACache", "DACache\DACache.csproj", "{62FCACB9-41B8-4210-977B-C84C8A490117}"
EndProject
Project("{FAE04EC0-301F-11D3-BF4B-00C04F79EFBC}") = "FamliyFinanceWebSI", "FamliyFinanceWebSI\FamliyFinanceWebSI.csproj", "{A25D76FE-1E6D-4642-85CB-1133E64FB3E2}"
EndProject
Project("{FAE04EC0-301F-11D3-BF4B-00C04F79EFBC}") = "CnaSptAppSI", "CnaSptAppSI\CnaSptAppSI.csproj", "{57C8F313-4AEE-4995-B55C-564CD5699A41}"
EndProject
Global
	GlobalSection(SolutionConfigurationPlatforms) = preSolution
		Debug|Any CPU = Debug|Any CPU
		Release|Any CPU = Release|Any CPU
	EndGlobalSection
	GlobalSection(ProjectConfigurationPlatforms) = postSolution
		{CC243AF4-358E-420F-AC29-209E50082485}.Debug|Any CPU.ActiveCfg = Debug|Any CPU
		{CC243AF4-358E-420F-AC29-209E50082485}.Debug|Any CPU.Build.0 = Debug|Any CPU
		{CC243AF4-358E-420F-AC29-209E50082485}.Release|Any CPU.ActiveCfg = Release|Any CPU
		{CC243AF4-358E-420F-AC29-209E50082485}.Release|Any CPU.Build.0 = Release|Any CPU
		{5A433A9B-FACB-42E7-980C-EC55C991940E}.Debug|Any CPU.ActiveCfg = Debug|Any CPU
		{5A433A9B-FACB-42E7-980C-EC55C991940E}.Debug|Any CPU.Build.0 = Debug|Any CPU
		{5A433A9B-FACB-42E7-980C-EC55C991940E}.Release|Any CPU.ActiveCfg = Release|Any CPU
		{5A433A9B-FACB-42E7-980C-EC55C991940E}.Release|Any CPU.Build.0 = Release|Any CPU
		{534C3589-AFD3-4EF1-8D0D-866FF82B637F}.Debug|Any CPU.ActiveCfg = Debug|Any CPU
		{534C3589-AFD3-4EF1-8D0D-866FF82B637F}.Debug|Any CPU.Build.0 = Debug|Any CPU
		{534C3589-AFD3-4EF1-8D0D-866FF82B637F}.Release|Any CPU.ActiveCfg = Release|Any CPU
		{534C3589-AFD3-4EF1-8D0D-866FF82B637F}.Release|Any CPU.Build.0 = Release|Any CPU
		{0B8DF9C3-3C97-4B8B-AECC-4E9FAEC31E93}.Debug|Any CPU.ActiveCfg = Debug|Any CPU
		{0B8DF9C3-3C97-4B8B-AECC-4E9FAEC31E93}.Debug|Any CPU.Build.0 = Debug|Any CPU
		{0B8DF9C3-3C97-4B8B-AECC-4E9FAEC31E93}.Release|Any CPU.ActiveCfg = Release|Any CPU
		{0B8DF9C3-3C97-4B8B-AECC-4E9FAEC31E93}.Release|Any CPU.Build.0 = Release|Any CPU
		{E878A7AD-2F2C-4247-A96D-B34E634B578A}.Debug|Any CPU.ActiveCfg = Debug|Any CPU
		{E878A7AD-2F2C-4247-A96D-B34E634B578A}.Debug|Any CPU.Build.0 = Debug|Any CPU
		{E878A7AD-2F2C-4247-A96D-B34E634B578A}.Debug|Any CPU.Deploy.0 = Debug|Any CPU
		{E878A7AD-2F2C-4247-A96D-B34E634B578A}.Release|Any CPU.ActiveCfg = Release|Any CPU
		{E878A7AD-2F2C-4247-A96D-B34E634B578A}.Release|Any CPU.Build.0 = Release|Any CPU
		{E878A7AD-2F2C-4247-A96D-B34E634B578A}.Release|Any CPU.Deploy.0 = Release|Any CPU
		{AF0AF681-9BF3-406B-95B1-6E8506F21812}.Debug|Any CPU.ActiveCfg = Debug|Any CPU
		{AF0AF681-9BF3-406B-95B1-6E8506F21812}.Debug|Any CPU.Build.0 = Debug|Any CPU
		{AF0AF681-9BF3-406B-95B1-6E8506F21812}.Debug|Any CPU.Deploy.0 = Debug|Any CPU
		{AF0AF681-9BF3-406B-95B1-6E8506F21812}.Release|Any CPU.ActiveCfg = Release|Any CPU
		{AF0AF681-9BF3-406B-95B1-6E8506F21812}.Release|Any CPU.Build.0 = Release|Any CPU
		{AF0AF681-9BF3-406B-95B1-6E8506F21812}.Release|Any CPU.Deploy.0 = Release|Any CPU
		{7B243187-464F-4E1D-8C62-9141E5000111}.Debug|Any CPU.ActiveCfg = Debug|Any CPU
		{7B243187-464F-4E1D-8C62-9141E5000111}.Debug|Any CPU.Build.0 = Debug|Any CPU
		{7B243187-464F-4E1D-8C62-9141E5000111}.Release|Any CPU.ActiveCfg = Release|Any CPU
		{7B243187-464F-4E1D-8C62-9141E5000111}.Release|Any CPU.Build.0 = Release|Any CPU
		{7659F8CF-D735-40ED-9FB1-E5FE62F6D286}.Debug|Any CPU.ActiveCfg = Debug|Any CPU
		{7659F8CF-D735-40ED-9FB1-E5FE62F6D286}.Debug|Any CPU.Build.0 = Debug|Any CPU
		{7659F8CF-D735-40ED-9FB1-E5FE62F6D286}.Release|Any CPU.ActiveCfg = Release|Any CPU
		{7659F8CF-D735-40ED-9FB1-E5FE62F6D286}.Release|Any CPU.Build.0 = Release|Any CPU
		{A2D0CD56-CDBE-4873-A400-AD524906FC2D}.Debug|Any CPU.ActiveCfg = Debug|Any CPU
		{A2D0CD56-CDBE-4873-A400-AD524906FC2D}.Debug|Any CPU.Build.0 = Debug|Any CPU
		{A2D0CD56-CDBE-4873-A400-AD524906FC2D}.Release|Any CPU.ActiveCfg = Release|Any CPU
		{A2D0CD56-CDBE-4873-A400-AD524906FC2D}.Release|Any CPU.Build.0 = Release|Any CPU
		{8E7FD444-2FD2-4230-89B8-4D76AD44236F}.Debug|Any CPU.ActiveCfg = Debug|Any CPU
		{8E7FD444-2FD2-4230-89B8-4D76AD44236F}.Debug|Any CPU.Build.0 = Debug|Any CPU
		{8E7FD444-2FD2-4230-89B8-4D76AD44236F}.Release|Any CPU.ActiveCfg = Release|Any CPU
		{8E7FD444-2FD2-4230-89B8-4D76AD44236F}.Release|Any CPU.Build.0 = Release|Any CPU
		{5C97E2F8-1559-4084-8C92-A7DC07141E9C}.Debug|Any CPU.ActiveCfg = Debug|Any CPU
		{5C97E2F8-1559-4084-8C92-A7DC07141E9C}.Debug|Any CPU.Build.0 = Debug|Any CPU
		{5C97E2F8-1559-4084-8C92-A7DC07141E9C}.Release|Any CPU.ActiveCfg = Release|Any CPU
		{5C97E2F8-1559-4084-8C92-A7DC07141E9C}.Release|Any CPU.Build.0 = Release|Any CPU
		{88BB3EE7-B20C-4BCC-9530-ACA7ECA3A9C0}.Debug|Any CPU.ActiveCfg = Debug|Any CPU
		{88BB3EE7-B20C-4BCC-9530-ACA7ECA3A9C0}.Debug|Any CPU.Build.0 = Debug|Any CPU
		{88BB3EE7-B20C-4BCC-9530-ACA7ECA3A9C0}.Release|Any CPU.ActiveCfg = Release|Any CPU
		{88BB3EE7-B20C-4BCC-9530-ACA7ECA3A9C0}.Release|Any CPU.Build.0 = Release|Any CPU
		{E1CAE6EF-B37F-4DFE-957E-059D2EA16E72}.Debug|Any CPU.ActiveCfg = Debug|Any CPU
		{E1CAE6EF-B37F-4DFE-957E-059D2EA16E72}.Debug|Any CPU.Build.0 = Debug|Any CPU
		{E1CAE6EF-B37F-4DFE-957E-059D2EA16E72}.Release|Any CPU.ActiveCfg = Release|Any CPU
		{E1CAE6EF-B37F-4DFE-957E-059D2EA16E72}.Release|Any CPU.Build.0 = Release|Any CPU
		{62FCACB9-41B8-4210-977B-C84C8A490117}.Debug|Any CPU.ActiveCfg = Debug|Any CPU
		{62FCACB9-41B8-4210-977B-C84C8A490117}.Debug|Any CPU.Build.0 = Debug|Any CPU
		{62FCACB9-41B8-4210-977B-C84C8A490117}.Release|Any CPU.ActiveCfg = Release|Any CPU
		{62FCACB9-41B8-4210-977B-C84C8A490117}.Release|Any CPU.Build.0 = Release|Any CPU
		{A25D76FE-1E6D-4642-85CB-1133E64FB3E2}.Debug|Any CPU.ActiveCfg = Debug|Any CPU
		{A25D76FE-1E6D-4642-85CB-1133E64FB3E2}.Debug|Any CPU.Build.0 = Debug|Any CPU
		{A25D76FE-1E6D-4642-85CB-1133E64FB3E2}.Release|Any CPU.ActiveCfg = Release|Any CPU
		{A25D76FE-1E6D-4642-85CB-1133E64FB3E2}.Release|Any CPU.Build.0 = Release|Any CPU
		{57C8F313-4AEE-4995-B55C-564CD5699A41}.Debug|Any CPU.ActiveCfg = Debug|Any CPU
		{57C8F313-4AEE-4995-B55C-564CD5699A41}.Debug|Any CPU.Build.0 = Debug|Any CPU
		{57C8F313-4AEE-4995-B55C-564CD5699A41}.Debug|Any CPU.Deploy.0 = Debug|Any CPU
		{57C8F313-4AEE-4995-B55C-564CD5699A41}.Release|Any CPU.ActiveCfg = Release|Any CPU
		{57C8F313-4AEE-4995-B55C-564CD5699A41}.Release|Any CPU.Build.0 = Release|Any CPU
		{57C8F313-4AEE-4995-B55C-564CD5699A41}.Release|Any CPU.Deploy.0 = Release|Any CPU
	EndGlobalSection
	GlobalSection(SolutionProperties) = preSolution
		HideSolutionNode = FALSE
	EndGlobalSection
	GlobalSection(NestedProjects) = preSolution
		{CC243AF4-358E-420F-AC29-209E50082485} = {3DB74401-6103-48A6-987E-3AB72C2C66A3}
		{5A433A9B-FACB-42E7-980C-EC55C991940E} = {7978B162-A118-4F3C-96A5-DB45CAF79759}
		{534C3589-AFD3-4EF1-8D0D-866FF82B637F} = {3DB74401-6103-48A6-987E-3AB72C2C66A3}
		{0B8DF9C3-3C97-4B8B-AECC-4E9FAEC31E93} = {3DB74401-6103-48A6-987E-3AB72C2C66A3}
		{E878A7AD-2F2C-4247-A96D-B34E634B578A} = {5DA84D11-38F2-4D33-BA95-1109449FCADC}
		{AF0AF681-9BF3-406B-95B1-6E8506F21812} = {5DA84D11-38F2-4D33-BA95-1109449FCADC}
		{7B243187-464F-4E1D-8C62-9141E5000111} = {3DB74401-6103-48A6-987E-3AB72C2C66A3}
		{7659F8CF-D735-40ED-9FB1-E5FE62F6D286} = {3DB74401-6103-48A6-987E-3AB72C2C66A3}
		{A2D0CD56-CDBE-4873-A400-AD524906FC2D} = {3DB74401-6103-48A6-987E-3AB72C2C66A3}
		{8E7FD444-2FD2-4230-89B8-4D76AD44236F} = {0352B0E0-DAB5-4408-B008-56D7AF179037}
		{5C97E2F8-1559-4084-8C92-A7DC07141E9C} = {0352B0E0-DAB5-4408-B008-56D7AF179037}
		{88BB3EE7-B20C-4BCC-9530-ACA7ECA3A9C0} = {26898A88-962A-4AF2-9D81-673B8D3B857E}
		{E1CAE6EF-B37F-4DFE-957E-059D2EA16E72} = {0352B0E0-DAB5-4408-B008-56D7AF179037}
		{62FCACB9-41B8-4210-977B-C84C8A490117} = {26898A88-962A-4AF2-9D81-673B8D3B857E}
		{A25D76FE-1E6D-4642-85CB-1133E64FB3E2} = {3DB74401-6103-48A6-987E-3AB72C2C66A3}
		{57C8F313-4AEE-4995-B55C-564CD5699A41} = {5DA84D11-38F2-4D33-BA95-1109449FCADC}
	EndGlobalSection
EndGlobal
