
Microsoft Visual Studio Solution File, Format Version 12.00
# Visual Studio 15
VisualStudioVersion = 15.0.26228.4
MinimumVisualStudioVersion = 10.0.40219.1
Project("{FAE04EC0-301F-11D3-BF4B-00C04F79EFBC}") = "EZOper.TechTester.OAuth2WebSI", "WebSI\EZOper.TechTester.OAuth2WebSI.csproj", "{7B243187-464F-4E1D-8C62-9141E5000111}"
EndProject
Project("{FAE04EC0-301F-11D3-BF4B-00C04F79EFBC}") = "EZOper.TechTester.OAuth2WebUT", "WebUT\EZOper.TechTester.OAuth2WebUT.csproj", "{F73FE28D-D6DB-4B9F-BD36-3043D168E6F2}"
EndProject
Project("{FAE04EC0-301F-11D3-BF4B-00C04F79EFBC}") = "EZOper.TechTester.OAuth2ApiSI", "ApiSI\EZOper.TechTester.OAuth2ApiSI.csproj", "{03FB68F3-2E96-41BC-BCFA-8F8DAB6E9984}"
EndProject
Global
	GlobalSection(SolutionConfigurationPlatforms) = preSolution
		Debug|Any CPU = Debug|Any CPU
		Release|Any CPU = Release|Any CPU
	EndGlobalSection
	GlobalSection(ProjectConfigurationPlatforms) = postSolution
		{7B243187-464F-4E1D-8C62-9141E5000111}.Debug|Any CPU.ActiveCfg = Debug|Any CPU
		{7B243187-464F-4E1D-8C62-9141E5000111}.Debug|Any CPU.Build.0 = Debug|Any CPU
		{7B243187-464F-4E1D-8C62-9141E5000111}.Release|Any CPU.ActiveCfg = Release|Any CPU
		{7B243187-464F-4E1D-8C62-9141E5000111}.Release|Any CPU.Build.0 = Release|Any CPU
		{F73FE28D-D6DB-4B9F-BD36-3043D168E6F2}.Debug|Any CPU.ActiveCfg = Debug|Any CPU
		{F73FE28D-D6DB-4B9F-BD36-3043D168E6F2}.Debug|Any CPU.Build.0 = Debug|Any CPU
		{F73FE28D-D6DB-4B9F-BD36-3043D168E6F2}.Release|Any CPU.ActiveCfg = Release|Any CPU
		{F73FE28D-D6DB-4B9F-BD36-3043D168E6F2}.Release|Any CPU.Build.0 = Release|Any CPU
		{03FB68F3-2E96-41BC-BCFA-8F8DAB6E9984}.Debug|Any CPU.ActiveCfg = Debug|Any CPU
		{03FB68F3-2E96-41BC-BCFA-8F8DAB6E9984}.Debug|Any CPU.Build.0 = Debug|Any CPU
		{03FB68F3-2E96-41BC-BCFA-8F8DAB6E9984}.Release|Any CPU.ActiveCfg = Release|Any CPU
		{03FB68F3-2E96-41BC-BCFA-8F8DAB6E9984}.Release|Any CPU.Build.0 = Release|Any CPU
	EndGlobalSection
	GlobalSection(SolutionProperties) = preSolution
		HideSolutionNode = FALSE
	EndGlobalSection
EndGlobal
