
Microsoft Visual Studio Solution File, Format Version 12.00
# Visual Studio 2013
VisualStudioVersion = 12.0.40629.0
MinimumVisualStudioVersion = 10.0.40219.1
Project("{FAE04EC0-301F-11D3-BF4B-00C04F79EFBC}") = "EZOper.TechTester.OAuth2WebSI", "WebSI\EZOper.TechTester.OAuth2WebSI.csproj", "{534C3589-AFD3-4EF1-8D0D-866FF82B637F}"
EndProject
Project("{FAE04EC0-301F-11D3-BF4B-00C04F79EFBC}") = "EZOper.TechTester.OAuth2WebUT", "WebUT\EZOper.TechTester.OAuth2WebUT.csproj", "{0D2AB811-1CB3-462A-A856-8BBFD2940546}"
EndProject
Project("{FAE04EC0-301F-11D3-BF4B-00C04F79EFBC}") = "EZOper.TechTester.OAuth2ApiSI", "ApiSI\EZOper.TechTester.OAuth2ApiSI.csproj", "{9B6189EE-0CE2-438D-A8F0-EE777DC8C890}"
EndProject
Project("{2150E333-8FDC-42A3-9474-1A3956D46DE8}") = ".nuget", ".nuget", "{22B057B6-4DF9-4971-AF30-B03F8085D2A7}"
	ProjectSection(SolutionItems) = preProject
		.nuget\NuGet.Config = .nuget\NuGet.Config
		.nuget\NuGet.exe = .nuget\NuGet.exe
		.nuget\NuGet.targets = .nuget\NuGet.targets
	EndProjectSection
EndProject
Global
	GlobalSection(SolutionConfigurationPlatforms) = preSolution
		Debug|Any CPU = Debug|Any CPU
		Release|Any CPU = Release|Any CPU
	EndGlobalSection
	GlobalSection(ProjectConfigurationPlatforms) = postSolution
		{534C3589-AFD3-4EF1-8D0D-866FF82B637F}.Debug|Any CPU.ActiveCfg = Debug|Any CPU
		{534C3589-AFD3-4EF1-8D0D-866FF82B637F}.Debug|Any CPU.Build.0 = Debug|Any CPU
		{534C3589-AFD3-4EF1-8D0D-866FF82B637F}.Release|Any CPU.ActiveCfg = Release|Any CPU
		{534C3589-AFD3-4EF1-8D0D-866FF82B637F}.Release|Any CPU.Build.0 = Release|Any CPU
		{0D2AB811-1CB3-462A-A856-8BBFD2940546}.Debug|Any CPU.ActiveCfg = Debug|Any CPU
		{0D2AB811-1CB3-462A-A856-8BBFD2940546}.Debug|Any CPU.Build.0 = Debug|Any CPU
		{0D2AB811-1CB3-462A-A856-8BBFD2940546}.Release|Any CPU.ActiveCfg = Release|Any CPU
		{0D2AB811-1CB3-462A-A856-8BBFD2940546}.Release|Any CPU.Build.0 = Release|Any CPU
		{9B6189EE-0CE2-438D-A8F0-EE777DC8C890}.Debug|Any CPU.ActiveCfg = Debug|Any CPU
		{9B6189EE-0CE2-438D-A8F0-EE777DC8C890}.Debug|Any CPU.Build.0 = Debug|Any CPU
		{9B6189EE-0CE2-438D-A8F0-EE777DC8C890}.Release|Any CPU.ActiveCfg = Release|Any CPU
		{9B6189EE-0CE2-438D-A8F0-EE777DC8C890}.Release|Any CPU.Build.0 = Release|Any CPU
	EndGlobalSection
	GlobalSection(SolutionProperties) = preSolution
		HideSolutionNode = FALSE
	EndGlobalSection
EndGlobal
